
Microsoft Visual Studio Solution File, Format Version 12.00
# Visual Studio 15
VisualStudioVersion = 15.0.27004.2005
MinimumVisualStudioVersion = 10.0.40219.1
Project("{9A19103F-16F7-4668-BE54-9A1E7A4F7556}") = "eDostava.Web", "eDostavaProject\eDostava.Web.csproj", "{EDB5D57B-5C85-4615-AAD2-E56182BB16AD}"
EndProject
Project("{9A19103F-16F7-4668-BE54-9A1E7A4F7556}") = "eDostava.Data", "eDostava.Data\eDostava.Data.csproj", "{22E55B60-DA45-46EB-916E-135812BD2F90}"
EndProject
Global
	GlobalSection(SolutionConfigurationPlatforms) = preSolution
		Debug|Any CPU = Debug|Any CPU
		Release|Any CPU = Release|Any CPU
	EndGlobalSection
	GlobalSection(ProjectConfigurationPlatforms) = postSolution
		{EDB5D57B-5C85-4615-AAD2-E56182BB16AD}.Debug|Any CPU.ActiveCfg = Debug|Any CPU
		{EDB5D57B-5C85-4615-AAD2-E56182BB16AD}.Debug|Any CPU.Build.0 = Debug|Any CPU
		{EDB5D57B-5C85-4615-AAD2-E56182BB16AD}.Release|Any CPU.ActiveCfg = Release|Any CPU
		{EDB5D57B-5C85-4615-AAD2-E56182BB16AD}.Release|Any CPU.Build.0 = Release|Any CPU
		{22E55B60-DA45-46EB-916E-135812BD2F90}.Debug|Any CPU.ActiveCfg = Debug|Any CPU
		{22E55B60-DA45-46EB-916E-135812BD2F90}.Debug|Any CPU.Build.0 = Debug|Any CPU
		{22E55B60-DA45-46EB-916E-135812BD2F90}.Release|Any CPU.ActiveCfg = Release|Any CPU
		{22E55B60-DA45-46EB-916E-135812BD2F90}.Release|Any CPU.Build.0 = Release|Any CPU
	EndGlobalSection
	GlobalSection(SolutionProperties) = preSolution
		HideSolutionNode = FALSE
	EndGlobalSection
	GlobalSection(ExtensibilityGlobals) = postSolution
		SolutionGuid = {193506CD-DE62-4A13-A30B-EA858DB3D258}
	EndGlobalSection
EndGlobal
